
Microsoft Visual Studio Solution File, Format Version 12.00
# Visual Studio Version 16
VisualStudioVersion = 16.0.29102.190
MinimumVisualStudioVersion = 10.0.40219.1
Project("{FAE04EC0-301F-11D3-BF4B-00C04F79EFBC}") = "AppointmentScheduler", "AppointmentScheduler\AppointmentScheduler.csproj", "{900F2618-F1AA-4480-9B77-1F57BC7CB698}"
EndProject
Project("{FAE04EC0-301F-11D3-BF4B-00C04F79EFBC}") = "AppointmentDatabase", "AppointmentDatabase\AppointmentDatabase.csproj", "{BC8F3BC1-FCD6-4DFD-8E32-8A431182E21D}"
EndProject
Project("{CC5FD16D-436D-48AD-A40C-5A424C6E3E79}") = "AppintmentsAzure", "AppintmentsAzure\AppintmentsAzure.ccproj", "{61082F20-7E88-4ACA-B001-DC5CD3FD2DA7}"
EndProject
Global
	GlobalSection(SolutionConfigurationPlatforms) = preSolution
		Debug|Any CPU = Debug|Any CPU
		Release|Any CPU = Release|Any CPU
	EndGlobalSection
	GlobalSection(ProjectConfigurationPlatforms) = postSolution
		{900F2618-F1AA-4480-9B77-1F57BC7CB698}.Debug|Any CPU.ActiveCfg = Debug|Any CPU
		{900F2618-F1AA-4480-9B77-1F57BC7CB698}.Debug|Any CPU.Build.0 = Debug|Any CPU
		{900F2618-F1AA-4480-9B77-1F57BC7CB698}.Release|Any CPU.ActiveCfg = Release|Any CPU
		{900F2618-F1AA-4480-9B77-1F57BC7CB698}.Release|Any CPU.Build.0 = Release|Any CPU
		{BC8F3BC1-FCD6-4DFD-8E32-8A431182E21D}.Debug|Any CPU.ActiveCfg = Debug|Any CPU
		{BC8F3BC1-FCD6-4DFD-8E32-8A431182E21D}.Debug|Any CPU.Build.0 = Debug|Any CPU
		{BC8F3BC1-FCD6-4DFD-8E32-8A431182E21D}.Release|Any CPU.ActiveCfg = Release|Any CPU
		{BC8F3BC1-FCD6-4DFD-8E32-8A431182E21D}.Release|Any CPU.Build.0 = Release|Any CPU
		{61082F20-7E88-4ACA-B001-DC5CD3FD2DA7}.Debug|Any CPU.ActiveCfg = Debug|Any CPU
		{61082F20-7E88-4ACA-B001-DC5CD3FD2DA7}.Debug|Any CPU.Build.0 = Debug|Any CPU
		{61082F20-7E88-4ACA-B001-DC5CD3FD2DA7}.Release|Any CPU.ActiveCfg = Release|Any CPU
		{61082F20-7E88-4ACA-B001-DC5CD3FD2DA7}.Release|Any CPU.Build.0 = Release|Any CPU
	EndGlobalSection
	GlobalSection(SolutionProperties) = preSolution
		HideSolutionNode = FALSE
	EndGlobalSection
	GlobalSection(ExtensibilityGlobals) = postSolution
		SolutionGuid = {4FA6904E-2707-4D19-BB84-E91816F8A364}
	EndGlobalSection
EndGlobal
